
Microsoft Visual Studio Solution File, Format Version 12.00
# Visual Studio Version 16
VisualStudioVersion = 16.0.30615.102
MinimumVisualStudioVersion = 10.0.40219.1
Project("{FAE04EC0-301F-11D3-BF4B-00C04F79EFBC}") = "GitUtil", "GitUtil\GitUtil.csproj", "{4EF138E8-C1F5-470F-931C-285C7E29723A}"
EndProject
Global
	GlobalSection(SolutionConfigurationPlatforms) = preSolution
		Debug|Any CPU = Debug|Any CPU
		Release|Any CPU = Release|Any CPU
	EndGlobalSection
	GlobalSection(ProjectConfigurationPlatforms) = postSolution
		{4EF138E8-C1F5-470F-931C-285C7E29723A}.Debug|Any CPU.ActiveCfg = Debug|Any CPU
		{4EF138E8-C1F5-470F-931C-285C7E29723A}.Debug|Any CPU.Build.0 = Debug|Any CPU
		{4EF138E8-C1F5-470F-931C-285C7E29723A}.Release|Any CPU.ActiveCfg = Release|Any CPU
		{4EF138E8-C1F5-470F-931C-285C7E29723A}.Release|Any CPU.Build.0 = Release|Any CPU
	EndGlobalSection
	GlobalSection(SolutionProperties) = preSolution
		HideSolutionNode = FALSE
	EndGlobalSection
	GlobalSection(ExtensibilityGlobals) = postSolution
		SolutionGuid = {95DA67F0-9EFC-4DC6-A86D-F05C1B76E0E0}
	EndGlobalSection
EndGlobal
